
Microsoft Visual Studio Solution File, Format Version 11.00
# Visual Studio 2010
Project("{FAE04EC0-301F-11D3-BF4B-00C04F79EFBC}") = "SingletonComIoC", "SingletonComIoC\SingletonComIoC.csproj", "{DE81001E-2AB7-4B8D-9A8C-A8EA71C4118B}"
EndProject
Project("{2150E333-8FDC-42A3-9474-1A3956D46DE8}") = "Solution Items", "Solution Items", "{A50E071F-2194-426E-87F2-866BC8A7C442}"
	ProjectSection(SolutionItems) = preProject
		Local.testsettings = Local.testsettings
		SingletonComIoC.vsmdi = SingletonComIoC.vsmdi
		TraceAndTestImpact.testsettings = TraceAndTestImpact.testsettings
	EndProjectSection
EndProject
Global
	GlobalSection(TestCaseManagementSettings) = postSolution
		CategoryFile = SingletonComIoC.vsmdi
	EndGlobalSection
	GlobalSection(SolutionConfigurationPlatforms) = preSolution
		Debug|Any CPU = Debug|Any CPU
		Release|Any CPU = Release|Any CPU
	EndGlobalSection
	GlobalSection(ProjectConfigurationPlatforms) = postSolution
		{DE81001E-2AB7-4B8D-9A8C-A8EA71C4118B}.Debug|Any CPU.ActiveCfg = Debug|Any CPU
		{DE81001E-2AB7-4B8D-9A8C-A8EA71C4118B}.Debug|Any CPU.Build.0 = Debug|Any CPU
		{DE81001E-2AB7-4B8D-9A8C-A8EA71C4118B}.Release|Any CPU.ActiveCfg = Release|Any CPU
		{DE81001E-2AB7-4B8D-9A8C-A8EA71C4118B}.Release|Any CPU.Build.0 = Release|Any CPU
	EndGlobalSection
	GlobalSection(SolutionProperties) = preSolution
		HideSolutionNode = FALSE
	EndGlobalSection
	GlobalSection(ExtensibilityGlobals) = postSolution
		EnterpriseLibraryConfigurationToolBinariesPath = packages\Unity.2.1.505.0\lib\NET35
	EndGlobalSection
EndGlobal
