
Microsoft Visual Studio Solution File, Format Version 11.00
# Visual Studio 2010
Project("{CC5FD16D-436D-48AD-A40C-5A424C6E3E79}") = "WindowsAzureProject1", "WindowsAzureProject1\WindowsAzureProject1.ccproj", "{42F9E9E9-9DF7-43F4-A23A-47A6F87A67D7}"
EndProject
Project("{FAE04EC0-301F-11D3-BF4B-00C04F79EFBC}") = "WebRole1", "WebRole1\WebRole1.csproj", "{584D523F-4A05-4A86-8AE0-AFAF0644775F}"
EndProject
Global
	GlobalSection(SolutionConfigurationPlatforms) = preSolution
		Debug|Any CPU = Debug|Any CPU
		Release|Any CPU = Release|Any CPU
	EndGlobalSection
	GlobalSection(ProjectConfigurationPlatforms) = postSolution
		{42F9E9E9-9DF7-43F4-A23A-47A6F87A67D7}.Debug|Any CPU.ActiveCfg = Debug|Any CPU
		{42F9E9E9-9DF7-43F4-A23A-47A6F87A67D7}.Debug|Any CPU.Build.0 = Debug|Any CPU
		{42F9E9E9-9DF7-43F4-A23A-47A6F87A67D7}.Release|Any CPU.ActiveCfg = Release|Any CPU
		{42F9E9E9-9DF7-43F4-A23A-47A6F87A67D7}.Release|Any CPU.Build.0 = Release|Any CPU
		{584D523F-4A05-4A86-8AE0-AFAF0644775F}.Debug|Any CPU.ActiveCfg = Debug|Any CPU
		{584D523F-4A05-4A86-8AE0-AFAF0644775F}.Debug|Any CPU.Build.0 = Debug|Any CPU
		{584D523F-4A05-4A86-8AE0-AFAF0644775F}.Release|Any CPU.ActiveCfg = Release|Any CPU
		{584D523F-4A05-4A86-8AE0-AFAF0644775F}.Release|Any CPU.Build.0 = Release|Any CPU
	EndGlobalSection
	GlobalSection(SolutionProperties) = preSolution
		HideSolutionNode = FALSE
	EndGlobalSection
EndGlobal
